{
  "name": "@vearvip/hanzi-utils",
  "version": "1.0.0-beta.1",
  "lockfileVersion": 3,
  "requires": true,
  "packages": {
    "": {
      "name": "@vearvip/hanzi-utils",
      "version": "1.0.0-beta.1",
      "license": "MIT",
      "dependencies": {
        "@vearvip/hanzi-duyin": "^1.0.0",
        "@vearvip/hanzi-variants": "^1.0.1"
      }
    },
    "node_modules/@vearvip/hanzi-duyin": {
      "version": "1.0.0",
      "resolved": "https://registry.npmjs.org/@vearvip/hanzi-duyin/-/hanzi-duyin-1.0.0.tgz",
      "integrity": "sha512-EBZ4UG1RZUbP0t6KaCPABMfhQm4uBsUCYqE6vNlMJmuxjyhw9i78jBBa96uv5+bXjBzB38g8rY/1Ul4h/sJ+UQ=="
    },
    "node_modules/@vearvip/hanzi-variants": {
      "version": "1.0.1",
      "resolved": "https://registry.npmjs.org/@vearvip/hanzi-variants/-/hanzi-variants-1.0.1.tgz",
      "integrity": "sha512-Tf7x2I18eLKEp3ub3um/SkcCD3f4TaULtW9eKVJyLrSGAzjk3au49LgKRizNfGYp3uxveTI9usTPusOtYgKX3g=="
    }
  }
}
