{
  "name": "@vearvip/hanzi-utils",
  "version": "1.0.1",
  "lockfileVersion": 3,
  "requires": true,
  "packages": {
    "": {
      "name": "@vearvip/hanzi-utils",
      "version": "1.0.1",
      "license": "MIT",
      "dependencies": {
        "@vearvip/hanzi-radical-stroke-counts": "^1.0.3",
        "@vearvip/hanzi-readings": "^1.0.0",
        "@vearvip/hanzi-variants": "^1.0.1"
      }
    },
    "node_modules/@vearvip/hanzi-radical-stroke-counts": {
      "version": "1.0.3",
      "resolved": "https://registry.npmjs.org/@vearvip/hanzi-radical-stroke-counts/-/hanzi-radical-stroke-counts-1.0.3.tgz",
      "integrity": "sha512-Ts73//rCMbx16oETtUlSfkf5X7DMtbNiQ9Oc68kz54eu1M6kzeqHtrxwQ86cH0ll4sc6wB1koZu1U9DaIY8bFQ=="
    },
    "node_modules/@vearvip/hanzi-readings": {
      "version": "1.0.0",
      "resolved": "https://registry.npmjs.org/@vearvip/hanzi-readings/-/hanzi-readings-1.0.0.tgz",
      "integrity": "sha512-ucik4hBTK/9FhQ9rY8eEelyvdMkVXbu4mAOCwbx0ahb57IbrZe7KPCZXH5mEkm/u1iy/Ls60yv5SnBgFdNHB/g=="
    },
    "node_modules/@vearvip/hanzi-variants": {
      "version": "1.0.1",
      "license": "MIT"
    }
  }
}
