{
  "name": "@vearvip/hanzi-utils",
  "version": "1.0.7",
  "lockfileVersion": 3,
  "requires": true,
  "packages": {
    "": {
      "name": "@vearvip/hanzi-utils",
      "version": "1.0.7",
      "license": "MIT",
      "dependencies": {
        "@vearvip/hanzi-radical-stroke-counts": "^1.0.5",
        "@vearvip/hanzi-readings": "^1.0.6",
        "@vearvip/hanzi-variants": "^1.0.3"
      }
    },
    "node_modules/@vearvip/hanzi-radical-stroke-counts": {
      "version": "1.0.5",
      "resolved": "https://registry.npmjs.org/@vearvip/hanzi-radical-stroke-counts/-/hanzi-radical-stroke-counts-1.0.5.tgz",
      "integrity": "sha512-liBMAYYv/X7uufPJ/Rsb0xpytwhgWZ/bfdwEeqRzbwHsX9UNSuCzJdiw8I71yxkWO7aoxgpChwg2/lzEan230Q==",
      "license": "MIT"
    },
    "node_modules/@vearvip/hanzi-readings": {
      "version": "1.0.6",
      "resolved": "https://registry.npmjs.org/@vearvip/hanzi-readings/-/hanzi-readings-1.0.6.tgz",
      "integrity": "sha512-68FmLKPFZu8jcEF06/Af0/mZHGBSPaESFDTaWXg6I3UPU9DZhtiFXus/Q+GYDNJlut7T+D08U7iw59wG7nXzYg==",
      "license": "MIT"
    },
    "node_modules/@vearvip/hanzi-variants": {
      "version": "1.0.3",
      "resolved": "https://registry.npmjs.org/@vearvip/hanzi-variants/-/hanzi-variants-1.0.3.tgz",
      "integrity": "sha512-WopVhOfadCm8ucvjaFBfAQIr7Edb9C4uHjshdrJ7MVY2lgHNxfVF+fGlY5zG9NLKRfuNVKjzHFHabNRAQzRohg==",
      "license": "MIT"
    }
  }
}
